{
	"name": "relay-compiler-language-typescript",
	"version": "0.9.1-alpha.1",
	"lockfileVersion": 1,
	"requires": true,
	"dependencies": {
		"@types/immutable": {
			"version": "3.8.7",
			"resolved": "https://registry.npmjs.org/@types/immutable/-/immutable-3.8.7.tgz",
			"integrity": "sha1-U20z0w8/PZptRkKiGUGf2Cr2M/s=",
			"dev": true,
			"requires": {
				"immutable": "3.7.6"
			}
		},
		"@types/invariant": {
			"version": "2.2.29",
			"resolved": "https://registry.npmjs.org/@types/invariant/-/invariant-2.2.29.tgz",
			"integrity": "sha512-lRVw09gOvgviOfeUrKc/pmTiRZ7g7oDOU6OAutyuSHpm1/o2RaBQvRhgK8QEdu+FFuw/wnWb29A/iuxv9i8OpQ==",
			"dev": true
		},
		"@types/node": {
			"version": "8.5.7",
			"resolved": "https://registry.npmjs.org/@types/node/-/node-8.5.7.tgz",
			"integrity": "sha512-+1ZfzGIq8Y3EV7hPF7bs3i+Gi2mqYOiEGGRxGYPrn+hTYLMmzg+/5TkMkCHiRtLB38XSNvr/43aQ9+cUq4BbBg==",
			"dev": true
		},
		"@types/relay-runtime": {
			"version": "1.3.1",
			"resolved": "https://registry.npmjs.org/@types/relay-runtime/-/relay-runtime-1.3.1.tgz",
			"integrity": "sha512-bO53ZDHEY37CKxcSZ8Bv8tVOvs4eUbHdicOidixvalYlnbxEmL5Yh9LXKQGK5WURhDge7XKKkZ9pC7ljhwKtzQ==",
			"dev": true
		},
		"immutable": {
			"version": "3.7.6",
			"resolved": "https://registry.npmjs.org/immutable/-/immutable-3.7.6.tgz",
			"integrity": "sha1-E7TTyxK++hVIKib+Gy665kAHHks="
		},
		"invariant": {
			"version": "2.2.2",
			"resolved": "https://registry.npmjs.org/invariant/-/invariant-2.2.2.tgz",
			"integrity": "sha1-nh9WrArNtr8wMwbzOL47IErmA2A=",
			"requires": {
				"loose-envify": "1.3.1"
			}
		},
		"js-tokens": {
			"version": "3.0.2",
			"resolved": "https://registry.npmjs.org/js-tokens/-/js-tokens-3.0.2.tgz",
			"integrity": "sha1-mGbfOVECEw449/mWvOtlRDIJwls="
		},
		"loose-envify": {
			"version": "1.3.1",
			"resolved": "https://registry.npmjs.org/loose-envify/-/loose-envify-1.3.1.tgz",
			"integrity": "sha1-0aitM/qc4OcT1l/dCsi3SNR4yEg=",
			"requires": {
				"js-tokens": "3.0.2"
			}
		},
		"postinstall-build": {
			"version": "5.0.1",
			"resolved": "https://registry.npmjs.org/postinstall-build/-/postinstall-build-5.0.1.tgz",
			"integrity": "sha1-uRepB5smF42aJK9aXNjLSpkdEbk="
		},
		"typescript": {
			"version": "2.6.2",
			"resolved": "https://registry.npmjs.org/typescript/-/typescript-2.6.2.tgz",
			"integrity": "sha1-PFtv1/beCRQmkCfwPAlGdY92c6Q=",
			"dev": true
		}
	}
}
